
Microsoft Visual Studio Solution File, Format Version 12.00
# Visual Studio Version 18
VisualStudioVersion = 18.9.12112.369
MinimumVisualStudioVersion = 10.0.40219.1
Project("{FAE04EC0-301F-11D3-BF4B-00C04F79EFBC}") = "TacoDiscordBot", "TacoDiscordBot\TacoDiscordBot.csproj", "{F03F0424-95EE-4179-B3F8-5520949340D0}"
EndProject
Project("{E53339B2-1760-4266-BCC7-CA923CBCF16C}") = "docker-compose", "docker-compose.dcproj", "{81DDED9D-158B-E303-5F62-77A2896D2A5A}"
EndProject
Project("{FAE04EC0-301F-11D3-BF4B-00C04F79EFBC}") = "TacoDiscordBot.Tests", "TacoDiscordBot.Tests\TacoDiscordBot.Tests.csproj", "{6AB2EC99-7BE6-4A80-BD21-5B4D5A74F014}"
EndProject
Global
	GlobalSection(SolutionConfigurationPlatforms) = preSolution
		Debug|Any CPU = Debug|Any CPU
		Debug|x64 = Debug|x64
		Debug|x86 = Debug|x86
		Release|Any CPU = Release|Any CPU
		Release|x64 = Release|x64
		Release|x86 = Release|x86
	EndGlobalSection
	GlobalSection(ProjectConfigurationPlatforms) = postSolution
		{F03F0424-95EE-4179-B3F8-5520949340D0}.Debug|Any CPU.ActiveCfg = Debug|Any CPU
		{F03F0424-95EE-4179-B3F8-5520949340D0}.Debug|Any CPU.Build.0 = Debug|Any CPU
		{F03F0424-95EE-4179-B3F8-5520949340D0}.Debug|x64.ActiveCfg = Debug|Any CPU
		{F03F0424-95EE-4179-B3F8-5520949340D0}.Debug|x64.Build.0 = Debug|Any CPU
		{F03F0424-95EE-4179-B3F8-5520949340D0}.Debug|x86.ActiveCfg = Debug|Any CPU
		{F03F0424-95EE-4179-B3F8-5520949340D0}.Debug|x86.Build.0 = Debug|Any CPU
		{F03F0424-95EE-4179-B3F8-5520949340D0}.Release|Any CPU.ActiveCfg = Release|Any CPU
		{F03F0424-95EE-4179-B3F8-5520949340D0}.Release|Any CPU.Build.0 = Release|Any CPU
		{F03F0424-95EE-4179-B3F8-5520949340D0}.Release|x64.ActiveCfg = Release|Any CPU
		{F03F0424-95EE-4179-B3F8-5520949340D0}.Release|x64.Build.0 = Release|Any CPU
		{F03F0424-95EE-4179-B3F8-5520949340D0}.Release|x86.ActiveCfg = Release|Any CPU
		{F03F0424-95EE-4179-B3F8-5520949340D0}.Release|x86.Build.0 = Release|Any CPU
		{81DDED9D-158B-E303-5F62-77A2896D2A5A}.Debug|Any CPU.ActiveCfg = Debug|Any CPU
		{81DDED9D-158B-E303-5F62-77A2896D2A5A}.Debug|Any CPU.Build.0 = Debug|Any CPU
		{81DDED9D-158B-E303-5F62-77A2896D2A5A}.Debug|x64.ActiveCfg = Debug|x64
		{81DDED9D-158B-E303-5F62-77A2896D2A5A}.Debug|x86.ActiveCfg = Debug|x86
		{81DDED9D-158B-E303-5F62-77A2896D2A5A}.Release|Any CPU.ActiveCfg = Release|Any CPU
		{81DDED9D-158B-E303-5F62-77A2896D2A5A}.Release|Any CPU.Build.0 = Release|Any CPU
		{81DDED9D-158B-E303-5F62-77A2896D2A5A}.Release|x64.ActiveCfg = Release|x64
		{81DDED9D-158B-E303-5F62-77A2896D2A5A}.Release|x86.ActiveCfg = Release|x86
		{6AB2EC99-7BE6-4A80-BD21-5B4D5A74F014}.Debug|Any CPU.ActiveCfg = Debug|Any CPU
		{6AB2EC99-7BE6-4A80-BD21-5B4D5A74F014}.Debug|Any CPU.Build.0 = Debug|Any CPU
		{6AB2EC99-7BE6-4A80-BD21-5B4D5A74F014}.Debug|x64.ActiveCfg = Debug|Any CPU
		{6AB2EC99-7BE6-4A80-BD21-5B4D5A74F014}.Debug|x64.Build.0 = Debug|Any CPU
		{6AB2EC99-7BE6-4A80-BD21-5B4D5A74F014}.Debug|x86.ActiveCfg = Debug|Any CPU
		{6AB2EC99-7BE6-4A80-BD21-5B4D5A74F014}.Debug|x86.Build.0 = Debug|Any CPU
		{6AB2EC99-7BE6-4A80-BD21-5B4D5A74F014}.Release|Any CPU.ActiveCfg = Release|Any CPU
		{6AB2EC99-7BE6-4A80-BD21-5B4D5A74F014}.Release|Any CPU.Build.0 = Release|Any CPU
		{6AB2EC99-7BE6-4A80-BD21-5B4D5A74F014}.Release|x64.ActiveCfg = Release|Any CPU
		{6AB2EC99-7BE6-4A80-BD21-5B4D5A74F014}.Release|x64.Build.0 = Release|Any CPU
		{6AB2EC99-7BE6-4A80-BD21-5B4D5A74F014}.Release|x86.ActiveCfg = Release|Any CPU
		{6AB2EC99-7BE6-4A80-BD21-5B4D5A74F014}.Release|x86.Build.0 = Release|Any CPU
	EndGlobalSection
	GlobalSection(SolutionProperties) = preSolution
		HideSolutionNode = FALSE
	EndGlobalSection
	GlobalSection(ExtensibilityGlobals) = postSolution
		SolutionGuid = {AE259D04-3D50-4B01-B1D9-5C4D075CDEF6}
	EndGlobalSection
EndGlobal
